<?xml version="1.0" encoding="utf-8"?>
<Project ToolsVersion="4.0" xmlns="http://schemas.microsoft.com/developer/msbuild/2003">
  <ItemGroup>
    <ClCompile Include="Background.cpp">
      <Filter>Source</Filter>
    </ClCompile>
    <ClCompile Include="main.cpp">
      <Filter>Source</Filter>
    </ClCompile>
    <ClCompile Include="ResourceHandler.cpp">
      <Filter>Source</Filter>
    </ClCompile>
    <ClCompile Include="Bullet.cpp">
      <Filter>Source\Bullet</Filter>
    </ClCompile>
    <ClCompile Include="Shooter.cpp">
      <Filter>Source\Shooters</Filter>
    </ClCompile>
    <ClCompile Include="World.cpp">
      <Filter>Source\States</Filter>
    </ClCompile>
    <ClCompile Include="Scene.cpp">
      <Filter>Source\States</Filter>
    </ClCompile>
    <ClCompile Include="Player.cpp">
      <Filter>Source\Shooters</Filter>
    </ClCompile>
    <ClCompile Include="Enemy.cpp">
      <Filter>Source\Shooters</Filter>
    </ClCompile>
    <ClCompile Include="Object.cpp">
      <Filter>Source\Base Classes</Filter>
    </ClCompile>
    <ClCompile Include="GameShape.cpp">
      <Filter>Source\Base Classes</Filter>
    </ClCompile>
    <ClCompile Include="GameEngine.cpp">
      <Filter>Source\Base Classes</Filter>
    </ClCompile>
    <ClCompile Include="Globals.cpp">
      <Filter>Source\Base Classes</Filter>
    </ClCompile>
    <ClCompile Include="Script.cpp">
      <Filter>Source</Filter>
    </ClCompile>
    <ClCompile Include="Menu.cpp">
      <Filter>Source\States</Filter>
    </ClCompile>
    <ClCompile Include="BulletFactory.cpp">
      <Filter>Source\Factory</Filter>
    </ClCompile>
    <ClCompile Include="EnemyFactory.cpp">
      <Filter>Source\Factory</Filter>
    </ClCompile>
  </ItemGroup>
  <ItemGroup>
    <ClInclude Include="Log.h">
      <Filter>Header</Filter>
    </ClInclude>
    <ClInclude Include="ResourceHandler.h">
      <Filter>Header</Filter>
    </ClInclude>
    <ClInclude Include="World.h">
      <Filter>Header\States</Filter>
    </ClInclude>
    <ClInclude Include="Scene.h">
      <Filter>Header\States</Filter>
    </ClInclude>
    <ClInclude Include="Player.h">
      <Filter>Header\Shooters</Filter>
    </ClInclude>
    <ClInclude Include="Shooter.h">
      <Filter>Header\Shooters</Filter>
    </ClInclude>
    <ClInclude Include="Enemy.h">
      <Filter>Header\Shooters</Filter>
    </ClInclude>
    <ClInclude Include="Bullet.h">
      <Filter>Header\Factory</Filter>
    </ClInclude>
    <ClInclude Include="BulletFactory.h">
      <Filter>Header\Factory</Filter>
    </ClInclude>
    <ClInclude Include="Object.h">
      <Filter>Header\Base Classes</Filter>
    </ClInclude>
    <ClInclude Include="GameShape.h">
      <Filter>Header\Base Classes</Filter>
    </ClInclude>
    <ClInclude Include="Menu.h">
      <Filter>Header\States</Filter>
    </ClInclude>
    <ClInclude Include="Background.h">
      <Filter>Header</Filter>
    </ClInclude>
    <ClInclude Include="GameEngine.h">
      <Filter>Header\Base Classes</Filter>
    </ClInclude>
    <ClInclude Include="Globals.h">
      <Filter>Header\Base Classes</Filter>
    </ClInclude>
    <ClInclude Include="libs\rapidxml.hpp">
      <Filter>Header\Libraries</Filter>
    </ClInclude>
    <ClInclude Include="libs\rapidxml_print.hpp">
      <Filter>Header\Libraries</Filter>
    </ClInclude>
    <ClInclude Include="Script.h">
      <Filter>Header\Base Classes</Filter>
    </ClInclude>
    <ClInclude Include="EnemyFactory.h">
      <Filter>Header\Factory</Filter>
    </ClInclude>
  </ItemGroup>
  <ItemGroup>
    <Filter Include="Source">
      <UniqueIdentifier>{7eb0d83e-44e2-4a93-87d4-eb5fb071c92b}</UniqueIdentifier>
    </Filter>
    <Filter Include="Header">
      <UniqueIdentifier>{c4359e45-3e57-4296-b57f-a5258fa6a2ea}</UniqueIdentifier>
    </Filter>
    <Filter Include="Header\Shooters">
      <UniqueIdentifier>{07146d3f-f8c6-47f1-b6cd-011392000a84}</UniqueIdentifier>
    </Filter>
    <Filter Include="Header\Base Classes">
      <UniqueIdentifier>{68d145ec-3ae0-4176-81be-f1d3fa0b1af8}</UniqueIdentifier>
    </Filter>
    <Filter Include="Header\States">
      <UniqueIdentifier>{c3740925-22ad-4ad0-a3c9-39b900ef6a68}</UniqueIdentifier>
    </Filter>
    <Filter Include="Source\Base Classes">
      <UniqueIdentifier>{952f98d3-9c95-4882-ac8e-629e34709793}</UniqueIdentifier>
    </Filter>
    <Filter Include="Source\States">
      <UniqueIdentifier>{ed8ea406-a6fe-49f4-927e-fd3f89a043b8}</UniqueIdentifier>
    </Filter>
    <Filter Include="Source\Shooters">
      <UniqueIdentifier>{8af8b7f0-531a-4cbe-a879-18e3797ae325}</UniqueIdentifier>
    </Filter>
    <Filter Include="Source\Bullet">
      <UniqueIdentifier>{25d21a93-d22f-4f83-bcd6-7890489517f5}</UniqueIdentifier>
    </Filter>
    <Filter Include="Header\Libraries">
      <UniqueIdentifier>{89159793-3288-4fc2-8b7c-c08ed907094c}</UniqueIdentifier>
    </Filter>
    <Filter Include="Header\Factory">
      <UniqueIdentifier>{a6cdcf77-fa84-418f-ae0f-4664b62beed9}</UniqueIdentifier>
    </Filter>
    <Filter Include="Source\Factory">
      <UniqueIdentifier>{d09c5628-c9bb-4195-9dd0-13e072cbef2f}</UniqueIdentifier>
    </Filter>
  </ItemGroup>
</Project>