<?xml version="1.0" encoding="utf-8"?>
<Project ToolsVersion="4.0" xmlns="http://schemas.microsoft.com/developer/msbuild/2003">
  <ItemGroup>
    <Filter Include="Source">
      <UniqueIdentifier>{7eb0d83e-44e2-4a93-87d4-eb5fb071c92b}</UniqueIdentifier>
    </Filter>
    <Filter Include="Header">
      <UniqueIdentifier>{c4359e45-3e57-4296-b57f-a5258fa6a2ea}</UniqueIdentifier>
    </Filter>
    <Filter Include="Header\Objects">
      <UniqueIdentifier>{9e3ebb23-7319-4af3-a2eb-8afd9efb57b7}</UniqueIdentifier>
    </Filter>
    <Filter Include="Header\Objects\Bullet">
      <UniqueIdentifier>{d517427d-e4a2-461e-9732-17cbac04d4ce}</UniqueIdentifier>
    </Filter>
    <Filter Include="Header\Objects\Shooter">
      <UniqueIdentifier>{f9f11b5e-869d-45f6-864d-e5b6ee88dac8}</UniqueIdentifier>
    </Filter>
    <Filter Include="Header\Scene">
      <UniqueIdentifier>{9db92f57-7714-4c9f-9843-9515bcd18c65}</UniqueIdentifier>
    </Filter>
    <Filter Include="Header\Engine">
      <UniqueIdentifier>{06bfea80-0054-4ed5-88a8-96e9f48e3e23}</UniqueIdentifier>
    </Filter>
    <Filter Include="Header\Other">
      <UniqueIdentifier>{45c91db4-7709-49b2-b60c-e75119c228c0}</UniqueIdentifier>
    </Filter>
    <Filter Include="Source\Scene">
      <UniqueIdentifier>{b03dd3c8-0565-4836-8538-57e1c7237c0c}</UniqueIdentifier>
    </Filter>
    <Filter Include="Source\Objects">
      <UniqueIdentifier>{afa7bb73-18b9-46e6-9315-3c75bc9e6180}</UniqueIdentifier>
    </Filter>
    <Filter Include="Source\Objects\Bullet">
      <UniqueIdentifier>{e29e0eb7-1cad-4a49-b3d8-e54d0a4195e4}</UniqueIdentifier>
    </Filter>
    <Filter Include="Source\Objects\Shooter">
      <UniqueIdentifier>{d9039d7c-c16d-4be6-968f-17b811a2bcbb}</UniqueIdentifier>
    </Filter>
    <Filter Include="Source\Other">
      <UniqueIdentifier>{5b9e8fce-0605-461c-977a-78cafa30d358}</UniqueIdentifier>
    </Filter>
    <Filter Include="Source\Engine">
      <UniqueIdentifier>{052b910c-48da-4415-a4ba-7e055d7c14c8}</UniqueIdentifier>
    </Filter>
    <Filter Include="Header\Objects\Powerup">
      <UniqueIdentifier>{b32be093-b484-460c-b705-eeb2696da4ee}</UniqueIdentifier>
    </Filter>
    <Filter Include="Source\Objects\Powerup">
      <UniqueIdentifier>{ce1ee0a4-1320-434b-8fe1-fcc7df486327}</UniqueIdentifier>
    </Filter>
  </ItemGroup>
  <ItemGroup>
    <ClInclude Include="include\Object.h">
      <Filter>Header\Objects</Filter>
    </ClInclude>
    <ClInclude Include="include\BulletFactory.h">
      <Filter>Header\Objects\Bullet</Filter>
    </ClInclude>
    <ClInclude Include="include\Bullet.h">
      <Filter>Header\Objects\Bullet</Filter>
    </ClInclude>
    <ClInclude Include="include\Enemy.h">
      <Filter>Header\Objects\Shooter</Filter>
    </ClInclude>
    <ClInclude Include="include\Player.h">
      <Filter>Header\Objects\Shooter</Filter>
    </ClInclude>
    <ClInclude Include="include\Background.h">
      <Filter>Header\Scene</Filter>
    </ClInclude>
    <ClInclude Include="include\Scene.h">
      <Filter>Header\Scene</Filter>
    </ClInclude>
    <ClInclude Include="include\World.h">
      <Filter>Header\Scene</Filter>
    </ClInclude>
    <ClInclude Include="include\Menu.h">
      <Filter>Header\Scene</Filter>
    </ClInclude>
    <ClInclude Include="include\ResourceHandler.h">
      <Filter>Header\Engine</Filter>
    </ClInclude>
    <ClInclude Include="include\Script.h">
      <Filter>Header\Engine</Filter>
    </ClInclude>
    <ClInclude Include="include\GameEngine.h">
      <Filter>Header\Engine</Filter>
    </ClInclude>
    <ClInclude Include="include\GameShape.h">
      <Filter>Header\Objects</Filter>
    </ClInclude>
    <ClInclude Include="include\Log.h">
      <Filter>Header\Other</Filter>
    </ClInclude>
    <ClInclude Include="include\Powerup.h">
      <Filter>Header\Objects\Powerup</Filter>
    </ClInclude>
    <ClInclude Include="include\Shooter.h">
      <Filter>Header\Objects</Filter>
    </ClInclude>
    <ClInclude Include="include\VectorN.h">
      <Filter>Header\Other</Filter>
    </ClInclude>
  </ItemGroup>
  <ItemGroup>
    <ClCompile Include="src\main.cpp">
      <Filter>Source</Filter>
    </ClCompile>
    <ClCompile Include="src\Background.cpp">
      <Filter>Source\Scene</Filter>
    </ClCompile>
    <ClCompile Include="src\Bullet.cpp">
      <Filter>Source\Objects\Bullet</Filter>
    </ClCompile>
    <ClCompile Include="src\BulletFactory.cpp">
      <Filter>Source\Objects\Bullet</Filter>
    </ClCompile>
    <ClCompile Include="src\Enemy.cpp">
      <Filter>Source\Objects\Shooter</Filter>
    </ClCompile>
    <ClCompile Include="src\GameEngine.cpp">
      <Filter>Source\Engine</Filter>
    </ClCompile>
    <ClCompile Include="src\GameShape.cpp">
      <Filter>Source\Objects</Filter>
    </ClCompile>
    <ClCompile Include="src\Player.cpp">
      <Filter>Source\Objects\Shooter</Filter>
    </ClCompile>
    <ClCompile Include="src\Scene.cpp">
      <Filter>Source\Scene</Filter>
    </ClCompile>
    <ClCompile Include="src\ResourceHandler.cpp">
      <Filter>Source\Engine</Filter>
    </ClCompile>
    <ClCompile Include="src\Shooter.cpp">
      <Filter>Source\Objects\Shooter</Filter>
    </ClCompile>
    <ClCompile Include="src\Script.cpp">
      <Filter>Source\Engine</Filter>
    </ClCompile>
    <ClCompile Include="src\Menu.cpp">
      <Filter>Source\Scene</Filter>
    </ClCompile>
    <ClCompile Include="src\Object.cpp">
      <Filter>Source\Objects</Filter>
    </ClCompile>
    <ClCompile Include="src\World.cpp">
      <Filter>Source\Scene</Filter>
    </ClCompile>
    <ClCompile Include="src\Powerup.cpp">
      <Filter>Source\Objects\Powerup</Filter>
    </ClCompile>
  </ItemGroup>
</Project>